
Microsoft Visual Studio Solution File, Format Version 12.00
# Visual Studio Version 17
VisualStudioVersion = 17.0.31808.319
MinimumVisualStudioVersion = 10.0.40219.1
Project("{9A19103F-16F7-4668-BE54-9A1E7A4F7556}") = "Scani.Database", "Scani.Database\Scani.Database.csproj", "{5EA04068-A87B-4DCE-8C38-83B226433A4F}"
EndProject
Project("{9A19103F-16F7-4668-BE54-9A1E7A4F7556}") = "Scani.Api", "Scani.Api\Scani.Api.csproj", "{FF735B35-7CD6-4777-B05A-0B0CB3E41C42}"
EndProject
Project("{9A19103F-16F7-4668-BE54-9A1E7A4F7556}") = "Scani.Api.Client", "Scani.Api.Client\Scani.Api.Client.csproj", "{7B054508-0DD5-430B-9DC6-C7517A9C7431}"
EndProject
Project("{9A19103F-16F7-4668-BE54-9A1E7A4F7556}") = "Scani.App", "Scani.App\Scani.App.csproj", "{94EBE326-6259-4E73-97D1-C1DDE174ED44}"
EndProject
Project("{2150E333-8FDC-42A3-9474-1A3956D46DE8}") = "Solution Items", "Solution Items", "{ECAABC8E-6CCE-4371-969C-8C24A8150F55}"
	ProjectSection(SolutionItems) = preProject
		.gitignore = .gitignore
		.config\dotnet-tools.json = .config\dotnet-tools.json
		README.md = README.md
	EndProjectSection
EndProject
Project("{FAE04EC0-301F-11D3-BF4B-00C04F79EFBC}") = "Scani.Shared", "Scani.Shared\Scani.Shared.csproj", "{CF88EA57-03CA-434F-8740-1705C42E8ED6}"
EndProject
Global
	GlobalSection(SolutionConfigurationPlatforms) = preSolution
		Debug|Any CPU = Debug|Any CPU
		Release|Any CPU = Release|Any CPU
	EndGlobalSection
	GlobalSection(ProjectConfigurationPlatforms) = postSolution
		{5EA04068-A87B-4DCE-8C38-83B226433A4F}.Debug|Any CPU.ActiveCfg = Debug|Any CPU
		{5EA04068-A87B-4DCE-8C38-83B226433A4F}.Debug|Any CPU.Build.0 = Debug|Any CPU
		{5EA04068-A87B-4DCE-8C38-83B226433A4F}.Release|Any CPU.ActiveCfg = Release|Any CPU
		{5EA04068-A87B-4DCE-8C38-83B226433A4F}.Release|Any CPU.Build.0 = Release|Any CPU
		{FF735B35-7CD6-4777-B05A-0B0CB3E41C42}.Debug|Any CPU.ActiveCfg = Debug|Any CPU
		{FF735B35-7CD6-4777-B05A-0B0CB3E41C42}.Debug|Any CPU.Build.0 = Debug|Any CPU
		{FF735B35-7CD6-4777-B05A-0B0CB3E41C42}.Release|Any CPU.ActiveCfg = Release|Any CPU
		{FF735B35-7CD6-4777-B05A-0B0CB3E41C42}.Release|Any CPU.Build.0 = Release|Any CPU
		{7B054508-0DD5-430B-9DC6-C7517A9C7431}.Debug|Any CPU.ActiveCfg = Debug|Any CPU
		{7B054508-0DD5-430B-9DC6-C7517A9C7431}.Debug|Any CPU.Build.0 = Debug|Any CPU
		{7B054508-0DD5-430B-9DC6-C7517A9C7431}.Release|Any CPU.ActiveCfg = Release|Any CPU
		{7B054508-0DD5-430B-9DC6-C7517A9C7431}.Release|Any CPU.Build.0 = Release|Any CPU
		{94EBE326-6259-4E73-97D1-C1DDE174ED44}.Debug|Any CPU.ActiveCfg = Debug|Any CPU
		{94EBE326-6259-4E73-97D1-C1DDE174ED44}.Debug|Any CPU.Build.0 = Debug|Any CPU
		{94EBE326-6259-4E73-97D1-C1DDE174ED44}.Release|Any CPU.ActiveCfg = Release|Any CPU
		{94EBE326-6259-4E73-97D1-C1DDE174ED44}.Release|Any CPU.Build.0 = Release|Any CPU
		{CF88EA57-03CA-434F-8740-1705C42E8ED6}.Debug|Any CPU.ActiveCfg = Debug|Any CPU
		{CF88EA57-03CA-434F-8740-1705C42E8ED6}.Debug|Any CPU.Build.0 = Debug|Any CPU
		{CF88EA57-03CA-434F-8740-1705C42E8ED6}.Release|Any CPU.ActiveCfg = Release|Any CPU
		{CF88EA57-03CA-434F-8740-1705C42E8ED6}.Release|Any CPU.Build.0 = Release|Any CPU
	EndGlobalSection
	GlobalSection(SolutionProperties) = preSolution
		HideSolutionNode = FALSE
	EndGlobalSection
	GlobalSection(ExtensibilityGlobals) = postSolution
		SolutionGuid = {94B5B770-3B0A-4FEF-BACB-5E4B77CF8A77}
	EndGlobalSection
EndGlobal
